// !$*UTF8*$!
{
	archiveVersion = 1;
	classes = {
	};
	objectVersion = 46;
	objects = {

/* Begin PBXBuildFile section */
		5FBE3DA8C05A79A2FD8C648E /* libPods-AVFoundationVideoPlayer.a in Frameworks */ = {isa = PBXBuildFile; fileRef = D3B0927EB454BE286461B351 /* libPods-AVFoundationVideoPlayer.a */; };
		E814DD6D1D6AAC58002BFBC5 /* Main.storyboard in Resources */ = {isa = PBXBuildFile; fileRef = E814DD6B1D6AAC58002BFBC5 /* Main.storyboard */; };
		E814DD6F1D6AAC58002BFBC5 /* Assets.xcassets in Resources */ = {isa = PBXBuildFile; fileRef = E814DD6E1D6AAC58002BFBC5 /* Assets.xcassets */; };
		E814DD721D6AAC58002BFBC5 /* LaunchScreen.storyboard in Resources */ = {isa = PBXBuildFile; fileRef = E814DD701D6AAC58002BFBC5 /* LaunchScreen.storyboard */; };
		E814DD801D6AAD33002BFBC5 /* ViewController.m in Sources */ = {isa = PBXBuildFile; fileRef = E814DD7B1D6AAD33002BFBC5 /* ViewController.m */; };
		E814DD811D6AAD33002BFBC5 /* AppDelegate.m in Sources */ = {isa = PBXBuildFile; fileRef = E814DD7E1D6AAD33002BFBC5 /* AppDelegate.m */; };
		E814DD821D6AAD33002BFBC5 /* main.m in Sources */ = {isa = PBXBuildFile; fileRef = E814DD7F1D6AAD33002BFBC5 /* main.m */; };
		E814DD851D6ACA7B002BFBC5 /* TCPlayerViewController.m in Sources */ = {isa = PBXBuildFile; fileRef = E814DD841D6ACA7B002BFBC5 /* TCPlayerViewController.m */; };
		E814DD8A1D6ACBC9002BFBC5 /* AVFoundation.framework in Frameworks */ = {isa = PBXBuildFile; fileRef = E814DD891D6ACBC9002BFBC5 /* AVFoundation.framework */; };
		E814DD8C1D6AD0FD002BFBC5 /* ElephantSeals.mov in Resources */ = {isa = PBXBuildFile; fileRef = E814DD8B1D6AD0FD002BFBC5 /* ElephantSeals.mov */; };
		E814DDB41D6C3D44002BFBC5 /* XJPlayerViewController.m in Sources */ = {isa = PBXBuildFile; fileRef = E814DDB31D6C3D44002BFBC5 /* XJPlayerViewController.m */; };
		E84C3CBB1D6D7D3D00295B72 /* XJPlayerKeyValueObserver.m in Sources */ = {isa = PBXBuildFile; fileRef = E84C3CBA1D6D7D3D00295B72 /* XJPlayerKeyValueObserver.m */; };
		E884E55E1D73D7300000AD89 /* XJPlayerView.m in Sources */ = {isa = PBXBuildFile; fileRef = E884E5591D73D7300000AD89 /* XJPlayerView.m */; };
		E884E55F1D73D7300000AD89 /* XJPlayerManager.m in Sources */ = {isa = PBXBuildFile; fileRef = E884E55B1D73D7300000AD89 /* XJPlayerManager.m */; };
		E884E5601D73D7300000AD89 /* XJPlayerManager+KeyValueObserver.m in Sources */ = {isa = PBXBuildFile; fileRef = E884E55D1D73D7300000AD89 /* XJPlayerManager+KeyValueObserver.m */; };
		E8DADD091D6E9175001C6CF0 /* XJPlayerManager+PlayerView.m in Sources */ = {isa = PBXBuildFile; fileRef = E8DADD081D6E9175001C6CF0 /* XJPlayerManager+PlayerView.m */; };
		E8DADD0F1D6EDAC0001C6CF0 /* ListViewController.m in Sources */ = {isa = PBXBuildFile; fileRef = E8DADD0E1D6EDAC0001C6CF0 /* ListViewController.m */; };
		E8DADD131D6EDB29001C6CF0 /* ListCell.m in Sources */ = {isa = PBXBuildFile; fileRef = E8DADD111D6EDB29001C6CF0 /* ListCell.m */; };
		E8DADD141D6EDB29001C6CF0 /* ListCell.xib in Resources */ = {isa = PBXBuildFile; fileRef = E8DADD121D6EDB29001C6CF0 /* ListCell.xib */; };
		E8DADD161D6EDD72001C6CF0 /* 111111111.mov in Resources */ = {isa = PBXBuildFile; fileRef = E8DADD151D6EDD72001C6CF0 /* 111111111.mov */; };
/* End PBXBuildFile section */

/* Begin PBXFileReference section */
		1D7F9D78AF8CD51148F4F0F8 /* Pods-AVFoundationVideoPlayer.debug.xcconfig */ = {isa = PBXFileReference; includeInIndex = 1; lastKnownFileType = text.xcconfig; name = "Pods-AVFoundationVideoPlayer.debug.xcconfig"; path = "Pods/Target Support Files/Pods-AVFoundationVideoPlayer/Pods-AVFoundationVideoPlayer.debug.xcconfig"; sourceTree = "<group>"; };
		D3B0927EB454BE286461B351 /* libPods-AVFoundationVideoPlayer.a */ = {isa = PBXFileReference; explicitFileType = archive.ar; includeInIndex = 0; path = "libPods-AVFoundationVideoPlayer.a"; sourceTree = BUILT_PRODUCTS_DIR; };
		DB07D62A50FE196DE84D6E6F /* Pods-AVFoundationVideoPlayer.release.xcconfig */ = {isa = PBXFileReference; includeInIndex = 1; lastKnownFileType = text.xcconfig; name = "Pods-AVFoundationVideoPlayer.release.xcconfig"; path = "Pods/Target Support Files/Pods-AVFoundationVideoPlayer/Pods-AVFoundationVideoPlayer.release.xcconfig"; sourceTree = "<group>"; };
		E814DD5F1D6AAC58002BFBC5 /* AVFoundationVideoPlayer.app */ = {isa = PBXFileReference; explicitFileType = wrapper.application; includeInIndex = 0; path = AVFoundationVideoPlayer.app; sourceTree = BUILT_PRODUCTS_DIR; };
		E814DD6C1D6AAC58002BFBC5 /* Base */ = {isa = PBXFileReference; lastKnownFileType = file.storyboard; name = Base; path = Base.lproj/Main.storyboard; sourceTree = "<group>"; };
		E814DD6E1D6AAC58002BFBC5 /* Assets.xcassets */ = {isa = PBXFileReference; lastKnownFileType = folder.assetcatalog; path = Assets.xcassets; sourceTree = "<group>"; };
		E814DD711D6AAC58002BFBC5 /* Base */ = {isa = PBXFileReference; lastKnownFileType = file.storyboard; name = Base; path = Base.lproj/LaunchScreen.storyboard; sourceTree = "<group>"; };
		E814DD731D6AAC58002BFBC5 /* Info.plist */ = {isa = PBXFileReference; lastKnownFileType = text.plist.xml; path = Info.plist; sourceTree = "<group>"; };
		E814DD7A1D6AAD33002BFBC5 /* ViewController.h */ = {isa = PBXFileReference; fileEncoding = 4; lastKnownFileType = sourcecode.c.h; path = ViewController.h; sourceTree = "<group>"; };
		E814DD7B1D6AAD33002BFBC5 /* ViewController.m */ = {isa = PBXFileReference; fileEncoding = 4; lastKnownFileType = sourcecode.c.objc; path = ViewController.m; sourceTree = "<group>"; };
		E814DD7D1D6AAD33002BFBC5 /* AppDelegate.h */ = {isa = PBXFileReference; fileEncoding = 4; lastKnownFileType = sourcecode.c.h; path = AppDelegate.h; sourceTree = "<group>"; };
		E814DD7E1D6AAD33002BFBC5 /* AppDelegate.m */ = {isa = PBXFileReference; fileEncoding = 4; lastKnownFileType = sourcecode.c.objc; path = AppDelegate.m; sourceTree = "<group>"; };
		E814DD7F1D6AAD33002BFBC5 /* main.m */ = {isa = PBXFileReference; fileEncoding = 4; lastKnownFileType = sourcecode.c.objc; path = main.m; sourceTree = "<group>"; };
		E814DD831D6ACA7B002BFBC5 /* TCPlayerViewController.h */ = {isa = PBXFileReference; fileEncoding = 4; lastKnownFileType = sourcecode.c.h; path = TCPlayerViewController.h; sourceTree = "<group>"; };
		E814DD841D6ACA7B002BFBC5 /* TCPlayerViewController.m */ = {isa = PBXFileReference; fileEncoding = 4; lastKnownFileType = sourcecode.c.objc; path = TCPlayerViewController.m; sourceTree = "<group>"; };
		E814DD891D6ACBC9002BFBC5 /* AVFoundation.framework */ = {isa = PBXFileReference; lastKnownFileType = wrapper.framework; name = AVFoundation.framework; path = System/Library/Frameworks/AVFoundation.framework; sourceTree = SDKROOT; };
		E814DD8B1D6AD0FD002BFBC5 /* ElephantSeals.mov */ = {isa = PBXFileReference; lastKnownFileType = video.quicktime; path = ElephantSeals.mov; sourceTree = "<group>"; };
		E814DDB21D6C3D44002BFBC5 /* XJPlayerViewController.h */ = {isa = PBXFileReference; fileEncoding = 4; lastKnownFileType = sourcecode.c.h; path = XJPlayerViewController.h; sourceTree = "<group>"; };
		E814DDB31D6C3D44002BFBC5 /* XJPlayerViewController.m */ = {isa = PBXFileReference; fileEncoding = 4; lastKnownFileType = sourcecode.c.objc; path = XJPlayerViewController.m; sourceTree = "<group>"; };
		E84C3CB81D6D6E3500295B72 /* AVFoundationVideoPlayer.pch */ = {isa = PBXFileReference; fileEncoding = 4; lastKnownFileType = sourcecode.c.h; path = AVFoundationVideoPlayer.pch; sourceTree = "<group>"; };
		E84C3CB91D6D7D3D00295B72 /* XJPlayerKeyValueObserver.h */ = {isa = PBXFileReference; fileEncoding = 4; lastKnownFileType = sourcecode.c.h; path = XJPlayerKeyValueObserver.h; sourceTree = "<group>"; };
		E84C3CBA1D6D7D3D00295B72 /* XJPlayerKeyValueObserver.m */ = {isa = PBXFileReference; fileEncoding = 4; lastKnownFileType = sourcecode.c.objc; path = XJPlayerKeyValueObserver.m; sourceTree = "<group>"; };
		E884E5581D73D7300000AD89 /* XJPlayerView.h */ = {isa = PBXFileReference; fileEncoding = 4; lastKnownFileType = sourcecode.c.h; path = XJPlayerView.h; sourceTree = "<group>"; };
		E884E5591D73D7300000AD89 /* XJPlayerView.m */ = {isa = PBXFileReference; fileEncoding = 4; lastKnownFileType = sourcecode.c.objc; path = XJPlayerView.m; sourceTree = "<group>"; };
		E884E55A1D73D7300000AD89 /* XJPlayerManager.h */ = {isa = PBXFileReference; fileEncoding = 4; lastKnownFileType = sourcecode.c.h; path = XJPlayerManager.h; sourceTree = "<group>"; };
		E884E55B1D73D7300000AD89 /* XJPlayerManager.m */ = {isa = PBXFileReference; fileEncoding = 4; lastKnownFileType = sourcecode.c.objc; path = XJPlayerManager.m; sourceTree = "<group>"; };
		E884E55C1D73D7300000AD89 /* XJPlayerManager+KeyValueObserver.h */ = {isa = PBXFileReference; fileEncoding = 4; lastKnownFileType = sourcecode.c.h; path = "XJPlayerManager+KeyValueObserver.h"; sourceTree = "<group>"; };
		E884E55D1D73D7300000AD89 /* XJPlayerManager+KeyValueObserver.m */ = {isa = PBXFileReference; fileEncoding = 4; lastKnownFileType = sourcecode.c.objc; path = "XJPlayerManager+KeyValueObserver.m"; sourceTree = "<group>"; };
		E8DADD071D6E9175001C6CF0 /* XJPlayerManager+PlayerView.h */ = {isa = PBXFileReference; fileEncoding = 4; lastKnownFileType = sourcecode.c.h; path = "XJPlayerManager+PlayerView.h"; sourceTree = "<group>"; };
		E8DADD081D6E9175001C6CF0 /* XJPlayerManager+PlayerView.m */ = {isa = PBXFileReference; fileEncoding = 4; lastKnownFileType = sourcecode.c.objc; path = "XJPlayerManager+PlayerView.m"; sourceTree = "<group>"; };
		E8DADD0D1D6EDAC0001C6CF0 /* ListViewController.h */ = {isa = PBXFileReference; fileEncoding = 4; lastKnownFileType = sourcecode.c.h; path = ListViewController.h; sourceTree = "<group>"; };
		E8DADD0E1D6EDAC0001C6CF0 /* ListViewController.m */ = {isa = PBXFileReference; fileEncoding = 4; lastKnownFileType = sourcecode.c.objc; path = ListViewController.m; sourceTree = "<group>"; };
		E8DADD101D6EDB29001C6CF0 /* ListCell.h */ = {isa = PBXFileReference; fileEncoding = 4; lastKnownFileType = sourcecode.c.h; path = ListCell.h; sourceTree = "<group>"; };
		E8DADD111D6EDB29001C6CF0 /* ListCell.m */ = {isa = PBXFileReference; fileEncoding = 4; lastKnownFileType = sourcecode.c.objc; path = ListCell.m; sourceTree = "<group>"; };
		E8DADD121D6EDB29001C6CF0 /* ListCell.xib */ = {isa = PBXFileReference; fileEncoding = 4; lastKnownFileType = file.xib; path = ListCell.xib; sourceTree = "<group>"; };
		E8DADD151D6EDD72001C6CF0 /* 111111111.mov */ = {isa = PBXFileReference; lastKnownFileType = video.quicktime; path = 111111111.mov; sourceTree = "<group>"; };
/* End PBXFileReference section */

/* Begin PBXFrameworksBuildPhase section */
		E814DD5C1D6AAC58002BFBC5 /* Frameworks */ = {
			isa = PBXFrameworksBuildPhase;
			buildActionMask = 2147483647;
			files = (
				E814DD8A1D6ACBC9002BFBC5 /* AVFoundation.framework in Frameworks */,
				5FBE3DA8C05A79A2FD8C648E /* libPods-AVFoundationVideoPlayer.a in Frameworks */,
			);
			runOnlyForDeploymentPostprocessing = 0;
		};
/* End PBXFrameworksBuildPhase section */

/* Begin PBXGroup section */
		5F189456D5EAB8BF7241701E /* Frameworks */ = {
			isa = PBXGroup;
			children = (
				D3B0927EB454BE286461B351 /* libPods-AVFoundationVideoPlayer.a */,
			);
			name = Frameworks;
			sourceTree = "<group>";
		};
		AE1CE06FDBDB215786514EDB /* Pods */ = {
			isa = PBXGroup;
			children = (
				1D7F9D78AF8CD51148F4F0F8 /* Pods-AVFoundationVideoPlayer.debug.xcconfig */,
				DB07D62A50FE196DE84D6E6F /* Pods-AVFoundationVideoPlayer.release.xcconfig */,
			);
			name = Pods;
			sourceTree = "<group>";
		};
		E814DD561D6AAC58002BFBC5 = {
			isa = PBXGroup;
			children = (
				E814DD891D6ACBC9002BFBC5 /* AVFoundation.framework */,
				E814DD611D6AAC58002BFBC5 /* AVFoundationVideoPlayer */,
				E884E5571D73D7090000AD89 /* PlayerView */,
				E814DD791D6AAD33002BFBC5 /* Classes */,
				E814DD7C1D6AAD33002BFBC5 /* Otheres */,
				E814DD601D6AAC58002BFBC5 /* Products */,
				AE1CE06FDBDB215786514EDB /* Pods */,
				5F189456D5EAB8BF7241701E /* Frameworks */,
			);
			sourceTree = "<group>";
		};
		E814DD601D6AAC58002BFBC5 /* Products */ = {
			isa = PBXGroup;
			children = (
				E814DD5F1D6AAC58002BFBC5 /* AVFoundationVideoPlayer.app */,
			);
			name = Products;
			sourceTree = "<group>";
		};
		E814DD611D6AAC58002BFBC5 /* AVFoundationVideoPlayer */ = {
			isa = PBXGroup;
			children = (
				E84C3CB81D6D6E3500295B72 /* AVFoundationVideoPlayer.pch */,
				E8DADD151D6EDD72001C6CF0 /* 111111111.mov */,
				E814DD8B1D6AD0FD002BFBC5 /* ElephantSeals.mov */,
				E814DD6B1D6AAC58002BFBC5 /* Main.storyboard */,
				E814DD6E1D6AAC58002BFBC5 /* Assets.xcassets */,
				E814DD701D6AAC58002BFBC5 /* LaunchScreen.storyboard */,
				E814DD731D6AAC58002BFBC5 /* Info.plist */,
			);
			path = AVFoundationVideoPlayer;
			sourceTree = "<group>";
		};
		E814DD791D6AAD33002BFBC5 /* Classes */ = {
			isa = PBXGroup;
			children = (
				E814DD7A1D6AAD33002BFBC5 /* ViewController.h */,
				E814DD7B1D6AAD33002BFBC5 /* ViewController.m */,
				E8DADD0D1D6EDAC0001C6CF0 /* ListViewController.h */,
				E8DADD0E1D6EDAC0001C6CF0 /* ListViewController.m */,
				E8DADD101D6EDB29001C6CF0 /* ListCell.h */,
				E8DADD111D6EDB29001C6CF0 /* ListCell.m */,
				E8DADD121D6EDB29001C6CF0 /* ListCell.xib */,
				E814DD831D6ACA7B002BFBC5 /* TCPlayerViewController.h */,
				E814DD841D6ACA7B002BFBC5 /* TCPlayerViewController.m */,
				E814DDB21D6C3D44002BFBC5 /* XJPlayerViewController.h */,
				E814DDB31D6C3D44002BFBC5 /* XJPlayerViewController.m */,
				E84C3CB91D6D7D3D00295B72 /* XJPlayerKeyValueObserver.h */,
				E84C3CBA1D6D7D3D00295B72 /* XJPlayerKeyValueObserver.m */,
				E8DADD071D6E9175001C6CF0 /* XJPlayerManager+PlayerView.h */,
				E8DADD081D6E9175001C6CF0 /* XJPlayerManager+PlayerView.m */,
			);
			path = Classes;
			sourceTree = "<group>";
		};
		E814DD7C1D6AAD33002BFBC5 /* Otheres */ = {
			isa = PBXGroup;
			children = (
				E814DD7D1D6AAD33002BFBC5 /* AppDelegate.h */,
				E814DD7E1D6AAD33002BFBC5 /* AppDelegate.m */,
				E814DD7F1D6AAD33002BFBC5 /* main.m */,
			);
			path = Otheres;
			sourceTree = "<group>";
		};
		E884E5571D73D7090000AD89 /* PlayerView */ = {
			isa = PBXGroup;
			children = (
				E884E5581D73D7300000AD89 /* XJPlayerView.h */,
				E884E5591D73D7300000AD89 /* XJPlayerView.m */,
				E884E55A1D73D7300000AD89 /* XJPlayerManager.h */,
				E884E55B1D73D7300000AD89 /* XJPlayerManager.m */,
				E884E55C1D73D7300000AD89 /* XJPlayerManager+KeyValueObserver.h */,
				E884E55D1D73D7300000AD89 /* XJPlayerManager+KeyValueObserver.m */,
			);
			path = PlayerView;
			sourceTree = "<group>";
		};
/* End PBXGroup section */

/* Begin PBXNativeTarget section */
		E814DD5E1D6AAC58002BFBC5 /* AVFoundationVideoPlayer */ = {
			isa = PBXNativeTarget;
			buildConfigurationList = E814DD761D6AAC58002BFBC5 /* Build configuration list for PBXNativeTarget "AVFoundationVideoPlayer" */;
			buildPhases = (
				79CE48E1AECB7476F38FBE4C /* [CP] Check Pods Manifest.lock */,
				E814DD5B1D6AAC58002BFBC5 /* Sources */,
				E814DD5C1D6AAC58002BFBC5 /* Frameworks */,
				E814DD5D1D6AAC58002BFBC5 /* Resources */,
				8488E0718DAA9B4165C8B4DB /* [CP] Embed Pods Frameworks */,
				32985092597E370A4976E53A /* [CP] Copy Pods Resources */,
			);
			buildRules = (
			);
			dependencies = (
			);
			name = AVFoundationVideoPlayer;
			productName = AVFoundationVideoPlayer;
			productReference = E814DD5F1D6AAC58002BFBC5 /* AVFoundationVideoPlayer.app */;
			productType = "com.apple.product-type.application";
		};
/* End PBXNativeTarget section */

/* Begin PBXProject section */
		E814DD571D6AAC58002BFBC5 /* Project object */ = {
			isa = PBXProject;
			attributes = {
				LastUpgradeCheck = 0730;
				ORGANIZATIONNAME = "___SILENCE___";
				TargetAttributes = {
					E814DD5E1D6AAC58002BFBC5 = {
						CreatedOnToolsVersion = 7.3;
						DevelopmentTeam = 73RJAGC8RF;
					};
				};
			};
			buildConfigurationList = E814DD5A1D6AAC58002BFBC5 /* Build configuration list for PBXProject "AVFoundationVideoPlayer" */;
			compatibilityVersion = "Xcode 3.2";
			developmentRegion = English;
			hasScannedForEncodings = 0;
			knownRegions = (
				en,
				Base,
			);
			mainGroup = E814DD561D6AAC58002BFBC5;
			productRefGroup = E814DD601D6AAC58002BFBC5 /* Products */;
			projectDirPath = "";
			projectRoot = "";
			targets = (
				E814DD5E1D6AAC58002BFBC5 /* AVFoundationVideoPlayer */,
			);
		};
/* End PBXProject section */

/* Begin PBXResourcesBuildPhase section */
		E814DD5D1D6AAC58002BFBC5 /* Resources */ = {
			isa = PBXResourcesBuildPhase;
			buildActionMask = 2147483647;
			files = (
				E814DD721D6AAC58002BFBC5 /* LaunchScreen.storyboard in Resources */,
				E814DD6F1D6AAC58002BFBC5 /* Assets.xcassets in Resources */,
				E814DD8C1D6AD0FD002BFBC5 /* ElephantSeals.mov in Resources */,
				E814DD6D1D6AAC58002BFBC5 /* Main.storyboard in Resources */,
				E8DADD161D6EDD72001C6CF0 /* 111111111.mov in Resources */,
				E8DADD141D6EDB29001C6CF0 /* ListCell.xib in Resources */,
			);
			runOnlyForDeploymentPostprocessing = 0;
		};
/* End PBXResourcesBuildPhase section */

/* Begin PBXShellScriptBuildPhase section */
		32985092597E370A4976E53A /* [CP] Copy Pods Resources */ = {
			isa = PBXShellScriptBuildPhase;
			buildActionMask = 2147483647;
			files = (
			);
			inputPaths = (
			);
			name = "[CP] Copy Pods Resources";
			outputPaths = (
			);
			runOnlyForDeploymentPostprocessing = 0;
			shellPath = /bin/sh;
			shellScript = "\"${SRCROOT}/Pods/Target Support Files/Pods-AVFoundationVideoPlayer/Pods-AVFoundationVideoPlayer-resources.sh\"\n";
			showEnvVarsInLog = 0;
		};
		79CE48E1AECB7476F38FBE4C /* [CP] Check Pods Manifest.lock */ = {
			isa = PBXShellScriptBuildPhase;
			buildActionMask = 2147483647;
			files = (
			);
			inputPaths = (
			);
			name = "[CP] Check Pods Manifest.lock";
			outputPaths = (
			);
			runOnlyForDeploymentPostprocessing = 0;
			shellPath = /bin/sh;
			shellScript = "diff \"${PODS_ROOT}/../Podfile.lock\" \"${PODS_ROOT}/Manifest.lock\" > /dev/null\nif [[ $? != 0 ]] ; then\n    cat << EOM\nerror: The sandbox is not in sync with the Podfile.lock. Run 'pod install' or update your CocoaPods installation.\nEOM\n    exit 1\nfi\n";
			showEnvVarsInLog = 0;
		};
		8488E0718DAA9B4165C8B4DB /* [CP] Embed Pods Frameworks */ = {
			isa = PBXShellScriptBuildPhase;
			buildActionMask = 2147483647;
			files = (
			);
			inputPaths = (
			);
			name = "[CP] Embed Pods Frameworks";
			outputPaths = (
			);
			runOnlyForDeploymentPostprocessing = 0;
			shellPath = /bin/sh;
			shellScript = "\"${SRCROOT}/Pods/Target Support Files/Pods-AVFoundationVideoPlayer/Pods-AVFoundationVideoPlayer-frameworks.sh\"\n";
			showEnvVarsInLog = 0;
		};
/* End PBXShellScriptBuildPhase section */

/* Begin PBXSourcesBuildPhase section */
		E814DD5B1D6AAC58002BFBC5 /* Sources */ = {
			isa = PBXSourcesBuildPhase;
			buildActionMask = 2147483647;
			files = (
				E884E5601D73D7300000AD89 /* XJPlayerManager+KeyValueObserver.m in Sources */,
				E814DD811D6AAD33002BFBC5 /* AppDelegate.m in Sources */,
				E884E55F1D73D7300000AD89 /* XJPlayerManager.m in Sources */,
				E8DADD131D6EDB29001C6CF0 /* ListCell.m in Sources */,
				E884E55E1D73D7300000AD89 /* XJPlayerView.m in Sources */,
				E814DD821D6AAD33002BFBC5 /* main.m in Sources */,
				E8DADD0F1D6EDAC0001C6CF0 /* ListViewController.m in Sources */,
				E84C3CBB1D6D7D3D00295B72 /* XJPlayerKeyValueObserver.m in Sources */,
				E8DADD091D6E9175001C6CF0 /* XJPlayerManager+PlayerView.m in Sources */,
				E814DD851D6ACA7B002BFBC5 /* TCPlayerViewController.m in Sources */,
				E814DD801D6AAD33002BFBC5 /* ViewController.m in Sources */,
				E814DDB41D6C3D44002BFBC5 /* XJPlayerViewController.m in Sources */,
			);
			runOnlyForDeploymentPostprocessing = 0;
		};
/* End PBXSourcesBuildPhase section */

/* Begin PBXVariantGroup section */
		E814DD6B1D6AAC58002BFBC5 /* Main.storyboard */ = {
			isa = PBXVariantGroup;
			children = (
				E814DD6C1D6AAC58002BFBC5 /* Base */,
			);
			name = Main.storyboard;
			sourceTree = "<group>";
		};
		E814DD701D6AAC58002BFBC5 /* LaunchScreen.storyboard */ = {
			isa = PBXVariantGroup;
			children = (
				E814DD711D6AAC58002BFBC5 /* Base */,
			);
			name = LaunchScreen.storyboard;
			sourceTree = "<group>";
		};
/* End PBXVariantGroup section */

/* Begin XCBuildConfiguration section */
		E814DD741D6AAC58002BFBC5 /* Debug */ = {
			isa = XCBuildConfiguration;
			buildSettings = {
				ALWAYS_SEARCH_USER_PATHS = NO;
				CLANG_ANALYZER_NONNULL = YES;
				CLANG_CXX_LANGUAGE_STANDARD = "gnu++0x";
				CLANG_CXX_LIBRARY = "libc++";
				CLANG_ENABLE_MODULES = YES;
				CLANG_ENABLE_OBJC_ARC = YES;
				CLANG_WARN_BOOL_CONVERSION = YES;
				CLANG_WARN_CONSTANT_CONVERSION = YES;
				CLANG_WARN_DIRECT_OBJC_ISA_USAGE = YES_ERROR;
				CLANG_WARN_EMPTY_BODY = YES;
				CLANG_WARN_ENUM_CONVERSION = YES;
				CLANG_WARN_INT_CONVERSION = YES;
				CLANG_WARN_OBJC_ROOT_CLASS = YES_ERROR;
				CLANG_WARN_UNREACHABLE_CODE = YES;
				CLANG_WARN__DUPLICATE_METHOD_MATCH = YES;
				"CODE_SIGN_IDENTITY[sdk=iphoneos*]" = "iPhone Developer";
				COPY_PHASE_STRIP = NO;
				DEBUG_INFORMATION_FORMAT = dwarf;
				ENABLE_STRICT_OBJC_MSGSEND = YES;
				ENABLE_TESTABILITY = YES;
				GCC_C_LANGUAGE_STANDARD = gnu99;
				GCC_DYNAMIC_NO_PIC = NO;
				GCC_NO_COMMON_BLOCKS = YES;
				GCC_OPTIMIZATION_LEVEL = 0;
				GCC_PREPROCESSOR_DEFINITIONS = (
					"DEBUG=1",
					"$(inherited)",
				);
				GCC_WARN_64_TO_32_BIT_CONVERSION = YES;
				GCC_WARN_ABOUT_RETURN_TYPE = YES_ERROR;
				GCC_WARN_UNDECLARED_SELECTOR = YES;
				GCC_WARN_UNINITIALIZED_AUTOS = YES_AGGRESSIVE;
				GCC_WARN_UNUSED_FUNCTION = YES;
				GCC_WARN_UNUSED_VARIABLE = YES;
				IPHONEOS_DEPLOYMENT_TARGET = 9.3;
				MTL_ENABLE_DEBUG_INFO = YES;
				ONLY_ACTIVE_ARCH = YES;
				SDKROOT = iphoneos;
				TARGETED_DEVICE_FAMILY = "1,2";
			};
			name = Debug;
		};
		E814DD751D6AAC58002BFBC5 /* Release */ = {
			isa = XCBuildConfiguration;
			buildSettings = {
				ALWAYS_SEARCH_USER_PATHS = NO;
				CLANG_ANALYZER_NONNULL = YES;
				CLANG_CXX_LANGUAGE_STANDARD = "gnu++0x";
				CLANG_CXX_LIBRARY = "libc++";
				CLANG_ENABLE_MODULES = YES;
				CLANG_ENABLE_OBJC_ARC = YES;
				CLANG_WARN_BOOL_CONVERSION = YES;
				CLANG_WARN_CONSTANT_CONVERSION = YES;
				CLANG_WARN_DIRECT_OBJC_ISA_USAGE = YES_ERROR;
				CLANG_WARN_EMPTY_BODY = YES;
				CLANG_WARN_ENUM_CONVERSION = YES;
				CLANG_WARN_INT_CONVERSION = YES;
				CLANG_WARN_OBJC_ROOT_CLASS = YES_ERROR;
				CLANG_WARN_UNREACHABLE_CODE = YES;
				CLANG_WARN__DUPLICATE_METHOD_MATCH = YES;
				"CODE_SIGN_IDENTITY[sdk=iphoneos*]" = "iPhone Developer";
				COPY_PHASE_STRIP = NO;
				DEBUG_INFORMATION_FORMAT = "dwarf-with-dsym";
				ENABLE_NS_ASSERTIONS = NO;
				ENABLE_STRICT_OBJC_MSGSEND = YES;
				GCC_C_LANGUAGE_STANDARD = gnu99;
				GCC_NO_COMMON_BLOCKS = YES;
				GCC_WARN_64_TO_32_BIT_CONVERSION = YES;
				GCC_WARN_ABOUT_RETURN_TYPE = YES_ERROR;
				GCC_WARN_UNDECLARED_SELECTOR = YES;
				GCC_WARN_UNINITIALIZED_AUTOS = YES_AGGRESSIVE;
				GCC_WARN_UNUSED_FUNCTION = YES;
				GCC_WARN_UNUSED_VARIABLE = YES;
				IPHONEOS_DEPLOYMENT_TARGET = 9.3;
				MTL_ENABLE_DEBUG_INFO = NO;
				SDKROOT = iphoneos;
				TARGETED_DEVICE_FAMILY = "1,2";
				VALIDATE_PRODUCT = YES;
			};
			name = Release;
		};
		E814DD771D6AAC58002BFBC5 /* Debug */ = {
			isa = XCBuildConfiguration;
			baseConfigurationReference = 1D7F9D78AF8CD51148F4F0F8 /* Pods-AVFoundationVideoPlayer.debug.xcconfig */;
			buildSettings = {
				ASSETCATALOG_COMPILER_APPICON_NAME = AppIcon;
				GCC_PRECOMPILE_PREFIX_HEADER = YES;
				GCC_PREFIX_HEADER = AVFoundationVideoPlayer/AVFoundationVideoPlayer.pch;
				INFOPLIST_FILE = AVFoundationVideoPlayer/Info.plist;
				IPHONEOS_DEPLOYMENT_TARGET = 8.0;
				LD_RUNPATH_SEARCH_PATHS = "$(inherited) @executable_path/Frameworks";
				PRODUCT_BUNDLE_IDENTIFIER = com.silence.AVFoundationVideoPlayer;
				PRODUCT_NAME = "$(TARGET_NAME)";
			};
			name = Debug;
		};
		E814DD781D6AAC58002BFBC5 /* Release */ = {
			isa = XCBuildConfiguration;
			baseConfigurationReference = DB07D62A50FE196DE84D6E6F /* Pods-AVFoundationVideoPlayer.release.xcconfig */;
			buildSettings = {
				ASSETCATALOG_COMPILER_APPICON_NAME = AppIcon;
				GCC_PRECOMPILE_PREFIX_HEADER = YES;
				GCC_PREFIX_HEADER = AVFoundationVideoPlayer/AVFoundationVideoPlayer.pch;
				INFOPLIST_FILE = AVFoundationVideoPlayer/Info.plist;
				IPHONEOS_DEPLOYMENT_TARGET = 8.0;
				LD_RUNPATH_SEARCH_PATHS = "$(inherited) @executable_path/Frameworks";
				PRODUCT_BUNDLE_IDENTIFIER = com.silence.AVFoundationVideoPlayer;
				PRODUCT_NAME = "$(TARGET_NAME)";
			};
			name = Release;
		};
/* End XCBuildConfiguration section */

/* Begin XCConfigurationList section */
		E814DD5A1D6AAC58002BFBC5 /* Build configuration list for PBXProject "AVFoundationVideoPlayer" */ = {
			isa = XCConfigurationList;
			buildConfigurations = (
				E814DD741D6AAC58002BFBC5 /* Debug */,
				E814DD751D6AAC58002BFBC5 /* Release */,
			);
			defaultConfigurationIsVisible = 0;
			defaultConfigurationName = Release;
		};
		E814DD761D6AAC58002BFBC5 /* Build configuration list for PBXNativeTarget "AVFoundationVideoPlayer" */ = {
			isa = XCConfigurationList;
			buildConfigurations = (
				E814DD771D6AAC58002BFBC5 /* Debug */,
				E814DD781D6AAC58002BFBC5 /* Release */,
			);
			defaultConfigurationIsVisible = 0;
			defaultConfigurationName = Release;
		};
/* End XCConfigurationList section */
	};
	rootObject = E814DD571D6AAC58002BFBC5 /* Project object */;
}
