// !$*UTF8*$!
{
	archiveVersion = 1;
	classes = {
	};
	objectVersion = 46;
	objects = {

/* Begin PBXBuildFile section */
		E814DD6D1D6AAC58002BFBC5 /* Main.storyboard in Resources */ = {isa = PBXBuildFile; fileRef = E814DD6B1D6AAC58002BFBC5 /* Main.storyboard */; };
		E814DD6F1D6AAC58002BFBC5 /* Assets.xcassets in Resources */ = {isa = PBXBuildFile; fileRef = E814DD6E1D6AAC58002BFBC5 /* Assets.xcassets */; };
		E814DD721D6AAC58002BFBC5 /* LaunchScreen.storyboard in Resources */ = {isa = PBXBuildFile; fileRef = E814DD701D6AAC58002BFBC5 /* LaunchScreen.storyboard */; };
		E814DD801D6AAD33002BFBC5 /* ViewController.m in Sources */ = {isa = PBXBuildFile; fileRef = E814DD7B1D6AAD33002BFBC5 /* ViewController.m */; };
		E814DD811D6AAD33002BFBC5 /* AppDelegate.m in Sources */ = {isa = PBXBuildFile; fileRef = E814DD7E1D6AAD33002BFBC5 /* AppDelegate.m */; };
		E814DD821D6AAD33002BFBC5 /* main.m in Sources */ = {isa = PBXBuildFile; fileRef = E814DD7F1D6AAD33002BFBC5 /* main.m */; };
		E814DD851D6ACA7B002BFBC5 /* TCPlayerViewController.m in Sources */ = {isa = PBXBuildFile; fileRef = E814DD841D6ACA7B002BFBC5 /* TCPlayerViewController.m */; };
		E814DD881D6ACAA6002BFBC5 /* TCPlayerView.m in Sources */ = {isa = PBXBuildFile; fileRef = E814DD871D6ACAA6002BFBC5 /* TCPlayerView.m */; };
		E814DD8A1D6ACBC9002BFBC5 /* AVFoundation.framework in Frameworks */ = {isa = PBXBuildFile; fileRef = E814DD891D6ACBC9002BFBC5 /* AVFoundation.framework */; };
		E814DD8C1D6AD0FD002BFBC5 /* ElephantSeals.mov in Resources */ = {isa = PBXBuildFile; fileRef = E814DD8B1D6AD0FD002BFBC5 /* ElephantSeals.mov */; };
/* End PBXBuildFile section */

/* Begin PBXFileReference section */
		E814DD5F1D6AAC58002BFBC5 /* AVFoundationVideoPlayer.app */ = {isa = PBXFileReference; explicitFileType = wrapper.application; includeInIndex = 0; path = AVFoundationVideoPlayer.app; sourceTree = BUILT_PRODUCTS_DIR; };
		E814DD6C1D6AAC58002BFBC5 /* Base */ = {isa = PBXFileReference; lastKnownFileType = file.storyboard; name = Base; path = Base.lproj/Main.storyboard; sourceTree = "<group>"; };
		E814DD6E1D6AAC58002BFBC5 /* Assets.xcassets */ = {isa = PBXFileReference; lastKnownFileType = folder.assetcatalog; path = Assets.xcassets; sourceTree = "<group>"; };
		E814DD711D6AAC58002BFBC5 /* Base */ = {isa = PBXFileReference; lastKnownFileType = file.storyboard; name = Base; path = Base.lproj/LaunchScreen.storyboard; sourceTree = "<group>"; };
		E814DD731D6AAC58002BFBC5 /* Info.plist */ = {isa = PBXFileReference; lastKnownFileType = text.plist.xml; path = Info.plist; sourceTree = "<group>"; };
		E814DD7A1D6AAD33002BFBC5 /* ViewController.h */ = {isa = PBXFileReference; fileEncoding = 4; lastKnownFileType = sourcecode.c.h; path = ViewController.h; sourceTree = "<group>"; };
		E814DD7B1D6AAD33002BFBC5 /* ViewController.m */ = {isa = PBXFileReference; fileEncoding = 4; lastKnownFileType = sourcecode.c.objc; path = ViewController.m; sourceTree = "<group>"; };
		E814DD7D1D6AAD33002BFBC5 /* AppDelegate.h */ = {isa = PBXFileReference; fileEncoding = 4; lastKnownFileType = sourcecode.c.h; path = AppDelegate.h; sourceTree = "<group>"; };
		E814DD7E1D6AAD33002BFBC5 /* AppDelegate.m */ = {isa = PBXFileReference; fileEncoding = 4; lastKnownFileType = sourcecode.c.objc; path = AppDelegate.m; sourceTree = "<group>"; };
		E814DD7F1D6AAD33002BFBC5 /* main.m */ = {isa = PBXFileReference; fileEncoding = 4; lastKnownFileType = sourcecode.c.objc; path = main.m; sourceTree = "<group>"; };
		E814DD831D6ACA7B002BFBC5 /* TCPlayerViewController.h */ = {isa = PBXFileReference; fileEncoding = 4; lastKnownFileType = sourcecode.c.h; path = TCPlayerViewController.h; sourceTree = "<group>"; };
		E814DD841D6ACA7B002BFBC5 /* TCPlayerViewController.m */ = {isa = PBXFileReference; fileEncoding = 4; lastKnownFileType = sourcecode.c.objc; path = TCPlayerViewController.m; sourceTree = "<group>"; };
		E814DD861D6ACAA6002BFBC5 /* TCPlayerView.h */ = {isa = PBXFileReference; fileEncoding = 4; lastKnownFileType = sourcecode.c.h; path = TCPlayerView.h; sourceTree = "<group>"; };
		E814DD871D6ACAA6002BFBC5 /* TCPlayerView.m */ = {isa = PBXFileReference; fileEncoding = 4; lastKnownFileType = sourcecode.c.objc; path = TCPlayerView.m; sourceTree = "<group>"; };
		E814DD891D6ACBC9002BFBC5 /* AVFoundation.framework */ = {isa = PBXFileReference; lastKnownFileType = wrapper.framework; name = AVFoundation.framework; path = System/Library/Frameworks/AVFoundation.framework; sourceTree = SDKROOT; };
		E814DD8B1D6AD0FD002BFBC5 /* ElephantSeals.mov */ = {isa = PBXFileReference; lastKnownFileType = video.quicktime; path = ElephantSeals.mov; sourceTree = "<group>"; };
/* End PBXFileReference section */

/* Begin PBXFrameworksBuildPhase section */
		E814DD5C1D6AAC58002BFBC5 /* Frameworks */ = {
			isa = PBXFrameworksBuildPhase;
			buildActionMask = 2147483647;
			files = (
				E814DD8A1D6ACBC9002BFBC5 /* AVFoundation.framework in Frameworks */,
			);
			runOnlyForDeploymentPostprocessing = 0;
		};
/* End PBXFrameworksBuildPhase section */

/* Begin PBXGroup section */
		E814DD561D6AAC58002BFBC5 = {
			isa = PBXGroup;
			children = (
				E814DD891D6ACBC9002BFBC5 /* AVFoundation.framework */,
				E814DD611D6AAC58002BFBC5 /* AVFoundationVideoPlayer */,
				E814DD791D6AAD33002BFBC5 /* Classes */,
				E814DD7C1D6AAD33002BFBC5 /* Otheres */,
				E814DD601D6AAC58002BFBC5 /* Products */,
			);
			sourceTree = "<group>";
		};
		E814DD601D6AAC58002BFBC5 /* Products */ = {
			isa = PBXGroup;
			children = (
				E814DD5F1D6AAC58002BFBC5 /* AVFoundationVideoPlayer.app */,
			);
			name = Products;
			sourceTree = "<group>";
		};
		E814DD611D6AAC58002BFBC5 /* AVFoundationVideoPlayer */ = {
			isa = PBXGroup;
			children = (
				E814DD8B1D6AD0FD002BFBC5 /* ElephantSeals.mov */,
				E814DD6B1D6AAC58002BFBC5 /* Main.storyboard */,
				E814DD6E1D6AAC58002BFBC5 /* Assets.xcassets */,
				E814DD701D6AAC58002BFBC5 /* LaunchScreen.storyboard */,
				E814DD731D6AAC58002BFBC5 /* Info.plist */,
			);
			path = AVFoundationVideoPlayer;
			sourceTree = "<group>";
		};
		E814DD791D6AAD33002BFBC5 /* Classes */ = {
			isa = PBXGroup;
			children = (
				E814DD7A1D6AAD33002BFBC5 /* ViewController.h */,
				E814DD7B1D6AAD33002BFBC5 /* ViewController.m */,
				E814DD831D6ACA7B002BFBC5 /* TCPlayerViewController.h */,
				E814DD841D6ACA7B002BFBC5 /* TCPlayerViewController.m */,
				E814DD861D6ACAA6002BFBC5 /* TCPlayerView.h */,
				E814DD871D6ACAA6002BFBC5 /* TCPlayerView.m */,
			);
			path = Classes;
			sourceTree = "<group>";
		};
		E814DD7C1D6AAD33002BFBC5 /* Otheres */ = {
			isa = PBXGroup;
			children = (
				E814DD7D1D6AAD33002BFBC5 /* AppDelegate.h */,
				E814DD7E1D6AAD33002BFBC5 /* AppDelegate.m */,
				E814DD7F1D6AAD33002BFBC5 /* main.m */,
			);
			path = Otheres;
			sourceTree = "<group>";
		};
/* End PBXGroup section */

/* Begin PBXNativeTarget section */
		E814DD5E1D6AAC58002BFBC5 /* AVFoundationVideoPlayer */ = {
			isa = PBXNativeTarget;
			buildConfigurationList = E814DD761D6AAC58002BFBC5 /* Build configuration list for PBXNativeTarget "AVFoundationVideoPlayer" */;
			buildPhases = (
				E814DD5B1D6AAC58002BFBC5 /* Sources */,
				E814DD5C1D6AAC58002BFBC5 /* Frameworks */,
				E814DD5D1D6AAC58002BFBC5 /* Resources */,
			);
			buildRules = (
			);
			dependencies = (
			);
			name = AVFoundationVideoPlayer;
			productName = AVFoundationVideoPlayer;
			productReference = E814DD5F1D6AAC58002BFBC5 /* AVFoundationVideoPlayer.app */;
			productType = "com.apple.product-type.application";
		};
/* End PBXNativeTarget section */

/* Begin PBXProject section */
		E814DD571D6AAC58002BFBC5 /* Project object */ = {
			isa = PBXProject;
			attributes = {
				LastUpgradeCheck = 0730;
				ORGANIZATIONNAME = "___SILENCE___";
				TargetAttributes = {
					E814DD5E1D6AAC58002BFBC5 = {
						CreatedOnToolsVersion = 7.3;
						DevelopmentTeam = 73RJAGC8RF;
					};
				};
			};
			buildConfigurationList = E814DD5A1D6AAC58002BFBC5 /* Build configuration list for PBXProject "AVFoundationVideoPlayer" */;
			compatibilityVersion = "Xcode 3.2";
			developmentRegion = English;
			hasScannedForEncodings = 0;
			knownRegions = (
				en,
				Base,
			);
			mainGroup = E814DD561D6AAC58002BFBC5;
			productRefGroup = E814DD601D6AAC58002BFBC5 /* Products */;
			projectDirPath = "";
			projectRoot = "";
			targets = (
				E814DD5E1D6AAC58002BFBC5 /* AVFoundationVideoPlayer */,
			);
		};
/* End PBXProject section */

/* Begin PBXResourcesBuildPhase section */
		E814DD5D1D6AAC58002BFBC5 /* Resources */ = {
			isa = PBXResourcesBuildPhase;
			buildActionMask = 2147483647;
			files = (
				E814DD721D6AAC58002BFBC5 /* LaunchScreen.storyboard in Resources */,
				E814DD6F1D6AAC58002BFBC5 /* Assets.xcassets in Resources */,
				E814DD8C1D6AD0FD002BFBC5 /* ElephantSeals.mov in Resources */,
				E814DD6D1D6AAC58002BFBC5 /* Main.storyboard in Resources */,
			);
			runOnlyForDeploymentPostprocessing = 0;
		};
/* End PBXResourcesBuildPhase section */

/* Begin PBXSourcesBuildPhase section */
		E814DD5B1D6AAC58002BFBC5 /* Sources */ = {
			isa = PBXSourcesBuildPhase;
			buildActionMask = 2147483647;
			files = (
				E814DD811D6AAD33002BFBC5 /* AppDelegate.m in Sources */,
				E814DD821D6AAD33002BFBC5 /* main.m in Sources */,
				E814DD881D6ACAA6002BFBC5 /* TCPlayerView.m in Sources */,
				E814DD851D6ACA7B002BFBC5 /* TCPlayerViewController.m in Sources */,
				E814DD801D6AAD33002BFBC5 /* ViewController.m in Sources */,
			);
			runOnlyForDeploymentPostprocessing = 0;
		};
/* End PBXSourcesBuildPhase section */

/* Begin PBXVariantGroup section */
		E814DD6B1D6AAC58002BFBC5 /* Main.storyboard */ = {
			isa = PBXVariantGroup;
			children = (
				E814DD6C1D6AAC58002BFBC5 /* Base */,
			);
			name = Main.storyboard;
			sourceTree = "<group>";
		};
		E814DD701D6AAC58002BFBC5 /* LaunchScreen.storyboard */ = {
			isa = PBXVariantGroup;
			children = (
				E814DD711D6AAC58002BFBC5 /* Base */,
			);
			name = LaunchScreen.storyboard;
			sourceTree = "<group>";
		};
/* End PBXVariantGroup section */

/* Begin XCBuildConfiguration section */
		E814DD741D6AAC58002BFBC5 /* Debug */ = {
			isa = XCBuildConfiguration;
			buildSettings = {
				ALWAYS_SEARCH_USER_PATHS = NO;
				CLANG_ANALYZER_NONNULL = YES;
				CLANG_CXX_LANGUAGE_STANDARD = "gnu++0x";
				CLANG_CXX_LIBRARY = "libc++";
				CLANG_ENABLE_MODULES = YES;
				CLANG_ENABLE_OBJC_ARC = YES;
				CLANG_WARN_BOOL_CONVERSION = YES;
				CLANG_WARN_CONSTANT_CONVERSION = YES;
				CLANG_WARN_DIRECT_OBJC_ISA_USAGE = YES_ERROR;
				CLANG_WARN_EMPTY_BODY = YES;
				CLANG_WARN_ENUM_CONVERSION = YES;
				CLANG_WARN_INT_CONVERSION = YES;
				CLANG_WARN_OBJC_ROOT_CLASS = YES_ERROR;
				CLANG_WARN_UNREACHABLE_CODE = YES;
				CLANG_WARN__DUPLICATE_METHOD_MATCH = YES;
				"CODE_SIGN_IDENTITY[sdk=iphoneos*]" = "iPhone Developer";
				COPY_PHASE_STRIP = NO;
				DEBUG_INFORMATION_FORMAT = dwarf;
				ENABLE_STRICT_OBJC_MSGSEND = YES;
				ENABLE_TESTABILITY = YES;
				GCC_C_LANGUAGE_STANDARD = gnu99;
				GCC_DYNAMIC_NO_PIC = NO;
				GCC_NO_COMMON_BLOCKS = YES;
				GCC_OPTIMIZATION_LEVEL = 0;
				GCC_PREPROCESSOR_DEFINITIONS = (
					"DEBUG=1",
					"$(inherited)",
				);
				GCC_WARN_64_TO_32_BIT_CONVERSION = YES;
				GCC_WARN_ABOUT_RETURN_TYPE = YES_ERROR;
				GCC_WARN_UNDECLARED_SELECTOR = YES;
				GCC_WARN_UNINITIALIZED_AUTOS = YES_AGGRESSIVE;
				GCC_WARN_UNUSED_FUNCTION = YES;
				GCC_WARN_UNUSED_VARIABLE = YES;
				IPHONEOS_DEPLOYMENT_TARGET = 9.3;
				MTL_ENABLE_DEBUG_INFO = YES;
				ONLY_ACTIVE_ARCH = YES;
				SDKROOT = iphoneos;
				TARGETED_DEVICE_FAMILY = "1,2";
			};
			name = Debug;
		};
		E814DD751D6AAC58002BFBC5 /* Release */ = {
			isa = XCBuildConfiguration;
			buildSettings = {
				ALWAYS_SEARCH_USER_PATHS = NO;
				CLANG_ANALYZER_NONNULL = YES;
				CLANG_CXX_LANGUAGE_STANDARD = "gnu++0x";
				CLANG_CXX_LIBRARY = "libc++";
				CLANG_ENABLE_MODULES = YES;
				CLANG_ENABLE_OBJC_ARC = YES;
				CLANG_WARN_BOOL_CONVERSION = YES;
				CLANG_WARN_CONSTANT_CONVERSION = YES;
				CLANG_WARN_DIRECT_OBJC_ISA_USAGE = YES_ERROR;
				CLANG_WARN_EMPTY_BODY = YES;
				CLANG_WARN_ENUM_CONVERSION = YES;
				CLANG_WARN_INT_CONVERSION = YES;
				CLANG_WARN_OBJC_ROOT_CLASS = YES_ERROR;
				CLANG_WARN_UNREACHABLE_CODE = YES;
				CLANG_WARN__DUPLICATE_METHOD_MATCH = YES;
				"CODE_SIGN_IDENTITY[sdk=iphoneos*]" = "iPhone Developer";
				COPY_PHASE_STRIP = NO;
				DEBUG_INFORMATION_FORMAT = "dwarf-with-dsym";
				ENABLE_NS_ASSERTIONS = NO;
				ENABLE_STRICT_OBJC_MSGSEND = YES;
				GCC_C_LANGUAGE_STANDARD = gnu99;
				GCC_NO_COMMON_BLOCKS = YES;
				GCC_WARN_64_TO_32_BIT_CONVERSION = YES;
				GCC_WARN_ABOUT_RETURN_TYPE = YES_ERROR;
				GCC_WARN_UNDECLARED_SELECTOR = YES;
				GCC_WARN_UNINITIALIZED_AUTOS = YES_AGGRESSIVE;
				GCC_WARN_UNUSED_FUNCTION = YES;
				GCC_WARN_UNUSED_VARIABLE = YES;
				IPHONEOS_DEPLOYMENT_TARGET = 9.3;
				MTL_ENABLE_DEBUG_INFO = NO;
				SDKROOT = iphoneos;
				TARGETED_DEVICE_FAMILY = "1,2";
				VALIDATE_PRODUCT = YES;
			};
			name = Release;
		};
		E814DD771D6AAC58002BFBC5 /* Debug */ = {
			isa = XCBuildConfiguration;
			buildSettings = {
				ASSETCATALOG_COMPILER_APPICON_NAME = AppIcon;
				INFOPLIST_FILE = AVFoundationVideoPlayer/Info.plist;
				IPHONEOS_DEPLOYMENT_TARGET = 7.0;
				LD_RUNPATH_SEARCH_PATHS = "$(inherited) @executable_path/Frameworks";
				PRODUCT_BUNDLE_IDENTIFIER = com.silence.AVFoundationVideoPlayer;
				PRODUCT_NAME = "$(TARGET_NAME)";
			};
			name = Debug;
		};
		E814DD781D6AAC58002BFBC5 /* Release */ = {
			isa = XCBuildConfiguration;
			buildSettings = {
				ASSETCATALOG_COMPILER_APPICON_NAME = AppIcon;
				INFOPLIST_FILE = AVFoundationVideoPlayer/Info.plist;
				IPHONEOS_DEPLOYMENT_TARGET = 7.0;
				LD_RUNPATH_SEARCH_PATHS = "$(inherited) @executable_path/Frameworks";
				PRODUCT_BUNDLE_IDENTIFIER = com.silence.AVFoundationVideoPlayer;
				PRODUCT_NAME = "$(TARGET_NAME)";
			};
			name = Release;
		};
/* End XCBuildConfiguration section */

/* Begin XCConfigurationList section */
		E814DD5A1D6AAC58002BFBC5 /* Build configuration list for PBXProject "AVFoundationVideoPlayer" */ = {
			isa = XCConfigurationList;
			buildConfigurations = (
				E814DD741D6AAC58002BFBC5 /* Debug */,
				E814DD751D6AAC58002BFBC5 /* Release */,
			);
			defaultConfigurationIsVisible = 0;
			defaultConfigurationName = Release;
		};
		E814DD761D6AAC58002BFBC5 /* Build configuration list for PBXNativeTarget "AVFoundationVideoPlayer" */ = {
			isa = XCConfigurationList;
			buildConfigurations = (
				E814DD771D6AAC58002BFBC5 /* Debug */,
				E814DD781D6AAC58002BFBC5 /* Release */,
			);
			defaultConfigurationIsVisible = 0;
			defaultConfigurationName = Release;
		};
/* End XCConfigurationList section */
	};
	rootObject = E814DD571D6AAC58002BFBC5 /* Project object */;
}
